
Microsoft Visual Studio Solution File, Format Version 12.00
# Visual Studio 15
Project("{FAE04EC0-301F-11D3-BF4B-00C04F79EFBC}") = "Assembly-CSharp", "Assembly-CSharp.csproj", "{F10C13CD-5834-1541-99E4-656F315B17EC}"
EndProject
Project("{FAE04EC0-301F-11D3-BF4B-00C04F79EFBC}") = "Assembly-CSharp-Editor", "Assembly-CSharp-Editor.csproj", "{9465F55A-1FEC-142B-C83A-E32BFDCA47D9}"
EndProject
Global
	GlobalSection(SolutionConfigurationPlatforms) = preSolution
		Debug|Any CPU = Debug|Any CPU
		Release|Any CPU = Release|Any CPU
	EndGlobalSection
	GlobalSection(ProjectConfigurationPlatforms) = postSolution
		{F10C13CD-5834-1541-99E4-656F315B17EC}.Debug|Any CPU.ActiveCfg = Debug|Any CPU
		{F10C13CD-5834-1541-99E4-656F315B17EC}.Debug|Any CPU.Build.0 = Debug|Any CPU
		{F10C13CD-5834-1541-99E4-656F315B17EC}.Release|Any CPU.ActiveCfg = Release|Any CPU
		{F10C13CD-5834-1541-99E4-656F315B17EC}.Release|Any CPU.Build.0 = Release|Any CPU
		{9465F55A-1FEC-142B-C83A-E32BFDCA47D9}.Debug|Any CPU.ActiveCfg = Debug|Any CPU
		{9465F55A-1FEC-142B-C83A-E32BFDCA47D9}.Debug|Any CPU.Build.0 = Debug|Any CPU
		{9465F55A-1FEC-142B-C83A-E32BFDCA47D9}.Release|Any CPU.ActiveCfg = Release|Any CPU
		{9465F55A-1FEC-142B-C83A-E32BFDCA47D9}.Release|Any CPU.Build.0 = Release|Any CPU
	EndGlobalSection
	GlobalSection(SolutionProperties) = preSolution
		HideSolutionNode = FALSE
	EndGlobalSection
EndGlobal
